{
  "name": "web-plus-docker-and-compose",
  "lockfileVersion": 3,
  "requires": true,
  "packages": {
    "": {
      "dependencies": {
        "helmet": "^6.0.1"
      }
    },
    "node_modules/helmet": {
      "version": "6.0.1",
      "resolved": "https://registry.npmjs.org/helmet/-/helmet-6.0.1.tgz",
      "integrity": "sha512-8wo+VdQhTMVBMCITYZaGTbE4lvlthelPYSvoyNvk4RECTmrVjMerp9RfUOQXZWLvCcAn1pKj7ZRxK4lI9Alrcw==",
      "engines": {
        "node": ">=14.0.0"
      }
    }
  }
}
